// !$*UTF8*$!
{
	archiveVersion = 1;
	classes = {
	};
	objectVersion = 50;
	objects = {

/* Begin PBXBuildFile section */
		6A96AA822C420B97C2C9B44A /* Pods_CajaPiuraMVPUITests.framework in Frameworks */ = {isa = PBXBuildFile; fileRef = 2B469D99A4B835A316E6DC7A /* Pods_CajaPiuraMVPUITests.framework */; };
		8528BC23220C884C00830E7D /* AppDelegate.swift in Sources */ = {isa = PBXBuildFile; fileRef = 8528BC22220C884C00830E7D /* AppDelegate.swift */; };
		8528BC25220C884C00830E7D /* ViewController.swift in Sources */ = {isa = PBXBuildFile; fileRef = 8528BC24220C884C00830E7D /* ViewController.swift */; };
		8528BC28220C884C00830E7D /* Main.storyboard in Resources */ = {isa = PBXBuildFile; fileRef = 8528BC26220C884C00830E7D /* Main.storyboard */; };
		8528BC2A220C884E00830E7D /* Assets.xcassets in Resources */ = {isa = PBXBuildFile; fileRef = 8528BC29220C884E00830E7D /* Assets.xcassets */; };
		8528BC2D220C884E00830E7D /* LaunchScreen.storyboard in Resources */ = {isa = PBXBuildFile; fileRef = 8528BC2B220C884E00830E7D /* LaunchScreen.storyboard */; };
		8528BC38220C884F00830E7D /* IosPocsTests.swift in Sources */ = {isa = PBXBuildFile; fileRef = 8528BC37220C884F00830E7D /* IosPocsTests.swift */; };
		8528BC43220C884F00830E7D /* IosPocsUITests.swift in Sources */ = {isa = PBXBuildFile; fileRef = 8528BC42220C884F00830E7D /* IosPocsUITests.swift */; };
		8547D6EA220C972800A87D7A /* ApiCallManager.swift in Sources */ = {isa = PBXBuildFile; fileRef = 8547D6E9220C972800A87D7A /* ApiCallManager.swift */; };
		8547D6ED220C979F00A87D7A /* Constants.swift in Sources */ = {isa = PBXBuildFile; fileRef = 8547D6EC220C979F00A87D7A /* Constants.swift */; };
		8547D6EF220C9A9F00A87D7A /* PeopleModel.swift in Sources */ = {isa = PBXBuildFile; fileRef = 8547D6EE220C9A9F00A87D7A /* PeopleModel.swift */; };
		8547D6F1220C9C0A00A87D7A /* PeopleService.swift in Sources */ = {isa = PBXBuildFile; fileRef = 8547D6F0220C9C0A00A87D7A /* PeopleService.swift */; };
		8547D6FA220C9E5400A87D7A /* Users.storyboard in Resources */ = {isa = PBXBuildFile; fileRef = 8547D6F9220C9E5400A87D7A /* Users.storyboard */; };
		8547D6FC220C9EF100A87D7A /* PeopleViewController.swift in Sources */ = {isa = PBXBuildFile; fileRef = 8547D6FB220C9EF100A87D7A /* PeopleViewController.swift */; };
		8547D6FE220C9FA200A87D7A /* PeoplePresenter.swift in Sources */ = {isa = PBXBuildFile; fileRef = 8547D6FD220C9FA200A87D7A /* PeoplePresenter.swift */; };
		8547D704220CCB7B00A87D7A /* CustomKeyBoardView.xib in Resources */ = {isa = PBXBuildFile; fileRef = 8547D703220CCB7B00A87D7A /* CustomKeyBoardView.xib */; };
		8547D706220CCBA300A87D7A /* CustomKeyBoardView.swift in Sources */ = {isa = PBXBuildFile; fileRef = 8547D705220CCBA300A87D7A /* CustomKeyBoardView.swift */; };
		8547D70A220CE88C00A87D7A /* CustomKeyBoardPresenter.swift in Sources */ = {isa = PBXBuildFile; fileRef = 8547D709220CE88C00A87D7A /* CustomKeyBoardPresenter.swift */; };
		8547D70E220E1AD300A87D7A /* CustomTextFieldView.xib in Resources */ = {isa = PBXBuildFile; fileRef = 8547D70D220E1AD300A87D7A /* CustomTextFieldView.xib */; };
		8547D710220E221900A87D7A /* CustomTextFieldView.swift in Sources */ = {isa = PBXBuildFile; fileRef = 8547D70F220E221900A87D7A /* CustomTextFieldView.swift */; };
		8547D71222120F6000A87D7A /* MessagesView.xib in Resources */ = {isa = PBXBuildFile; fileRef = 8547D71122120F6000A87D7A /* MessagesView.xib */; };
		8547D71422121A9E00A87D7A /* MessagesView.swift in Sources */ = {isa = PBXBuildFile; fileRef = 8547D71322121A9E00A87D7A /* MessagesView.swift */; };
		8547D716221234A300A87D7A /* PeopleRepository.swift in Sources */ = {isa = PBXBuildFile; fileRef = 8547D715221234A300A87D7A /* PeopleRepository.swift */; };
		8547D7182213399B00A87D7A /* PinUIButton.swift in Sources */ = {isa = PBXBuildFile; fileRef = 8547D7172213399B00A87D7A /* PinUIButton.swift */; };
		8547D71B2214674100A87D7A /* WebServicesManager.swift in Sources */ = {isa = PBXBuildFile; fileRef = 8547D71A2214674100A87D7A /* WebServicesManager.swift */; };
		85C33752221B1F37002E5E7E /* WizardSteps.xib in Resources */ = {isa = PBXBuildFile; fileRef = 85C33751221B1F37002E5E7E /* WizardSteps.xib */; };
		85C3375A221B2065002E5E7E /* WizardStepViewController.swift in Sources */ = {isa = PBXBuildFile; fileRef = 85C33759221B2065002E5E7E /* WizardStepViewController.swift */; };
		85C3375C221B208D002E5E7E /* WizardSteps.swift in Sources */ = {isa = PBXBuildFile; fileRef = 85C3375B221B208D002E5E7E /* WizardSteps.swift */; };
		85C33762221B20D5002E5E7E /* CustomButton.swift in Sources */ = {isa = PBXBuildFile; fileRef = 85C3375E221B20D5002E5E7E /* CustomButton.swift */; };
		85C33763221B20D5002E5E7E /* CustomImage.swift in Sources */ = {isa = PBXBuildFile; fileRef = 85C3375F221B20D5002E5E7E /* CustomImage.swift */; };
		85C33764221B20D5002E5E7E /* CustomView.swift in Sources */ = {isa = PBXBuildFile; fileRef = 85C33760221B20D5002E5E7E /* CustomView.swift */; };
		85C33765221B20D5002E5E7E /* CustomTextField.swift in Sources */ = {isa = PBXBuildFile; fileRef = 85C33761221B20D5002E5E7E /* CustomTextField.swift */; };
		97E1CB9497A8CB6DF46B54CA /* Pods_IosPocs.framework in Frameworks */ = {isa = PBXBuildFile; fileRef = 7E73BCEBC31D7C6D11DDF1F2 /* Pods_IosPocs.framework */; };
		A5572FA6221B51EE001D2704 /* DynamicKeyBoardViewController.swift in Sources */ = {isa = PBXBuildFile; fileRef = A5572FA5221B51EE001D2704 /* DynamicKeyBoardViewController.swift */; };
		A5572FA8221B51F3001D2704 /* DynamicKeyBoardView.xib in Resources */ = {isa = PBXBuildFile; fileRef = A5572FA7221B51F3001D2704 /* DynamicKeyBoardView.xib */; };
		A5572FAB221B5290001D2704 /* DynamicKeyboardDelegate.swift in Sources */ = {isa = PBXBuildFile; fileRef = A5572FAA221B5290001D2704 /* DynamicKeyboardDelegate.swift */; };
		A5572FAE221B52F2001D2704 /* PasswordPinUIButton.swift in Sources */ = {isa = PBXBuildFile; fileRef = A5572FAD221B52F2001D2704 /* PasswordPinUIButton.swift */; };
		AAE7150D26B8D50B3434CC20 /* Pods_IosPocsTests.framework in Frameworks */ = {isa = PBXBuildFile; fileRef = 6582D243302DCC276641628F /* Pods_IosPocsTests.framework */; };
		CCF0A9713A3827A8C12C439F /* Pods_IosPocsUITests.framework in Frameworks */ = {isa = PBXBuildFile; fileRef = 927BEF7704229305BC2519E7 /* Pods_IosPocsUITests.framework */; };
		FAFFCD071D9ECCADE264C621 /* Pods_CajaPiuraMVPTests.framework in Frameworks */ = {isa = PBXBuildFile; fileRef = 08848B2E49742BB3BAB0B05B /* Pods_CajaPiuraMVPTests.framework */; };
/* End PBXBuildFile section */

/* Begin PBXContainerItemProxy section */
		8528BC34220C884F00830E7D /* PBXContainerItemProxy */ = {
			isa = PBXContainerItemProxy;
			containerPortal = 8528BC17220C884C00830E7D /* Project object */;
			proxyType = 1;
			remoteGlobalIDString = 8528BC1E220C884C00830E7D;
			remoteInfo = CajaPiuraMVP;
		};
		8528BC3F220C884F00830E7D /* PBXContainerItemProxy */ = {
			isa = PBXContainerItemProxy;
			containerPortal = 8528BC17220C884C00830E7D /* Project object */;
			proxyType = 1;
			remoteGlobalIDString = 8528BC1E220C884C00830E7D;
			remoteInfo = CajaPiuraMVP;
		};
/* End PBXContainerItemProxy section */

/* Begin PBXFileReference section */
		08848B2E49742BB3BAB0B05B /* Pods_CajaPiuraMVPTests.framework */ = {isa = PBXFileReference; explicitFileType = wrapper.framework; includeInIndex = 0; path = Pods_CajaPiuraMVPTests.framework; sourceTree = BUILT_PRODUCTS_DIR; };
		132E67133519079606D55C0B /* Pods-CajaPiuraMVPTests.debug.xcconfig */ = {isa = PBXFileReference; includeInIndex = 1; lastKnownFileType = text.xcconfig; name = "Pods-CajaPiuraMVPTests.debug.xcconfig"; path = "Pods/Target Support Files/Pods-CajaPiuraMVPTests/Pods-CajaPiuraMVPTests.debug.xcconfig"; sourceTree = "<group>"; };
		1566E753D6E0F84F08F06C05 /* Pods-IosPocsTests.debug.xcconfig */ = {isa = PBXFileReference; includeInIndex = 1; lastKnownFileType = text.xcconfig; name = "Pods-IosPocsTests.debug.xcconfig"; path = "Pods/Target Support Files/Pods-IosPocsTests/Pods-IosPocsTests.debug.xcconfig"; sourceTree = "<group>"; };
		203289E50F327078C2A1A13E /* Pods-CajaPiuraMVP.release.xcconfig */ = {isa = PBXFileReference; includeInIndex = 1; lastKnownFileType = text.xcconfig; name = "Pods-CajaPiuraMVP.release.xcconfig"; path = "Pods/Target Support Files/Pods-CajaPiuraMVP/Pods-CajaPiuraMVP.release.xcconfig"; sourceTree = "<group>"; };
		23C77E3FB03A44F500E73743 /* Pods-IosPocsTests.release.xcconfig */ = {isa = PBXFileReference; includeInIndex = 1; lastKnownFileType = text.xcconfig; name = "Pods-IosPocsTests.release.xcconfig"; path = "Pods/Target Support Files/Pods-IosPocsTests/Pods-IosPocsTests.release.xcconfig"; sourceTree = "<group>"; };
		249428E5658255F1C1B86EEF /* Pods-IosPocs.release.xcconfig */ = {isa = PBXFileReference; includeInIndex = 1; lastKnownFileType = text.xcconfig; name = "Pods-IosPocs.release.xcconfig"; path = "Pods/Target Support Files/Pods-IosPocs/Pods-IosPocs.release.xcconfig"; sourceTree = "<group>"; };
		27963BDC486CED2F67C61339 /* Pods-CajaPiuraMVPUITests.release.xcconfig */ = {isa = PBXFileReference; includeInIndex = 1; lastKnownFileType = text.xcconfig; name = "Pods-CajaPiuraMVPUITests.release.xcconfig"; path = "Pods/Target Support Files/Pods-CajaPiuraMVPUITests/Pods-CajaPiuraMVPUITests.release.xcconfig"; sourceTree = "<group>"; };
		2B469D99A4B835A316E6DC7A /* Pods_CajaPiuraMVPUITests.framework */ = {isa = PBXFileReference; explicitFileType = wrapper.framework; includeInIndex = 0; path = Pods_CajaPiuraMVPUITests.framework; sourceTree = BUILT_PRODUCTS_DIR; };
		6582D243302DCC276641628F /* Pods_IosPocsTests.framework */ = {isa = PBXFileReference; explicitFileType = wrapper.framework; includeInIndex = 0; path = Pods_IosPocsTests.framework; sourceTree = BUILT_PRODUCTS_DIR; };
		6A822E1D69B4D5373AAF0473 /* Pods_CajaPiuraMVP.framework */ = {isa = PBXFileReference; explicitFileType = wrapper.framework; includeInIndex = 0; path = Pods_CajaPiuraMVP.framework; sourceTree = BUILT_PRODUCTS_DIR; };
		71B8638C3E57BB1F0A0E862E /* Pods-IosPocsUITests.release.xcconfig */ = {isa = PBXFileReference; includeInIndex = 1; lastKnownFileType = text.xcconfig; name = "Pods-IosPocsUITests.release.xcconfig"; path = "Pods/Target Support Files/Pods-IosPocsUITests/Pods-IosPocsUITests.release.xcconfig"; sourceTree = "<group>"; };
		7E73BCEBC31D7C6D11DDF1F2 /* Pods_IosPocs.framework */ = {isa = PBXFileReference; explicitFileType = wrapper.framework; includeInIndex = 0; path = Pods_IosPocs.framework; sourceTree = BUILT_PRODUCTS_DIR; };
		7F21555F7488E1D8ADBB1349 /* Pods-CajaPiuraMVP.debug.xcconfig */ = {isa = PBXFileReference; includeInIndex = 1; lastKnownFileType = text.xcconfig; name = "Pods-CajaPiuraMVP.debug.xcconfig"; path = "Pods/Target Support Files/Pods-CajaPiuraMVP/Pods-CajaPiuraMVP.debug.xcconfig"; sourceTree = "<group>"; };
		8528BC1F220C884C00830E7D /* IosPocs.app */ = {isa = PBXFileReference; explicitFileType = wrapper.application; includeInIndex = 0; path = IosPocs.app; sourceTree = BUILT_PRODUCTS_DIR; };
		8528BC22220C884C00830E7D /* AppDelegate.swift */ = {isa = PBXFileReference; lastKnownFileType = sourcecode.swift; path = AppDelegate.swift; sourceTree = "<group>"; };
		8528BC24220C884C00830E7D /* ViewController.swift */ = {isa = PBXFileReference; lastKnownFileType = sourcecode.swift; path = ViewController.swift; sourceTree = "<group>"; };
		8528BC27220C884C00830E7D /* Base */ = {isa = PBXFileReference; lastKnownFileType = file.storyboard; name = Base; path = Base.lproj/Main.storyboard; sourceTree = "<group>"; };
		8528BC29220C884E00830E7D /* Assets.xcassets */ = {isa = PBXFileReference; lastKnownFileType = folder.assetcatalog; path = Assets.xcassets; sourceTree = "<group>"; };
		8528BC2C220C884E00830E7D /* Base */ = {isa = PBXFileReference; lastKnownFileType = file.storyboard; name = Base; path = Base.lproj/LaunchScreen.storyboard; sourceTree = "<group>"; };
		8528BC2E220C884E00830E7D /* Info.plist */ = {isa = PBXFileReference; lastKnownFileType = text.plist.xml; path = Info.plist; sourceTree = "<group>"; };
		8528BC33220C884F00830E7D /* IosPocsTests.xctest */ = {isa = PBXFileReference; explicitFileType = wrapper.cfbundle; includeInIndex = 0; path = IosPocsTests.xctest; sourceTree = BUILT_PRODUCTS_DIR; };
		8528BC37220C884F00830E7D /* IosPocsTests.swift */ = {isa = PBXFileReference; lastKnownFileType = sourcecode.swift; path = IosPocsTests.swift; sourceTree = "<group>"; };
		8528BC39220C884F00830E7D /* Info.plist */ = {isa = PBXFileReference; lastKnownFileType = text.plist.xml; path = Info.plist; sourceTree = "<group>"; };
		8528BC3E220C884F00830E7D /* IosPocsUITests.xctest */ = {isa = PBXFileReference; explicitFileType = wrapper.cfbundle; includeInIndex = 0; path = IosPocsUITests.xctest; sourceTree = BUILT_PRODUCTS_DIR; };
		8528BC42220C884F00830E7D /* IosPocsUITests.swift */ = {isa = PBXFileReference; lastKnownFileType = sourcecode.swift; path = IosPocsUITests.swift; sourceTree = "<group>"; };
		8528BC44220C884F00830E7D /* Info.plist */ = {isa = PBXFileReference; lastKnownFileType = text.plist.xml; path = Info.plist; sourceTree = "<group>"; };
		8547D6E9220C972800A87D7A /* ApiCallManager.swift */ = {isa = PBXFileReference; lastKnownFileType = sourcecode.swift; path = ApiCallManager.swift; sourceTree = "<group>"; };
		8547D6EC220C979F00A87D7A /* Constants.swift */ = {isa = PBXFileReference; lastKnownFileType = sourcecode.swift; path = Constants.swift; sourceTree = "<group>"; };
		8547D6EE220C9A9F00A87D7A /* PeopleModel.swift */ = {isa = PBXFileReference; lastKnownFileType = sourcecode.swift; path = PeopleModel.swift; sourceTree = "<group>"; };
		8547D6F0220C9C0A00A87D7A /* PeopleService.swift */ = {isa = PBXFileReference; lastKnownFileType = sourcecode.swift; path = PeopleService.swift; sourceTree = "<group>"; };
		8547D6F9220C9E5400A87D7A /* Users.storyboard */ = {isa = PBXFileReference; lastKnownFileType = file.storyboard; path = Users.storyboard; sourceTree = "<group>"; };
		8547D6FB220C9EF100A87D7A /* PeopleViewController.swift */ = {isa = PBXFileReference; lastKnownFileType = sourcecode.swift; path = PeopleViewController.swift; sourceTree = "<group>"; };
		8547D6FD220C9FA200A87D7A /* PeoplePresenter.swift */ = {isa = PBXFileReference; lastKnownFileType = sourcecode.swift; path = PeoplePresenter.swift; sourceTree = "<group>"; };
		8547D703220CCB7B00A87D7A /* CustomKeyBoardView.xib */ = {isa = PBXFileReference; lastKnownFileType = file.xib; path = CustomKeyBoardView.xib; sourceTree = "<group>"; };
		8547D705220CCBA300A87D7A /* CustomKeyBoardView.swift */ = {isa = PBXFileReference; lastKnownFileType = sourcecode.swift; path = CustomKeyBoardView.swift; sourceTree = "<group>"; };
		8547D709220CE88C00A87D7A /* CustomKeyBoardPresenter.swift */ = {isa = PBXFileReference; lastKnownFileType = sourcecode.swift; path = CustomKeyBoardPresenter.swift; sourceTree = "<group>"; };
		8547D70D220E1AD300A87D7A /* CustomTextFieldView.xib */ = {isa = PBXFileReference; lastKnownFileType = file.xib; path = CustomTextFieldView.xib; sourceTree = "<group>"; };
		8547D70F220E221900A87D7A /* CustomTextFieldView.swift */ = {isa = PBXFileReference; lastKnownFileType = sourcecode.swift; path = CustomTextFieldView.swift; sourceTree = "<group>"; };
		8547D71122120F6000A87D7A /* MessagesView.xib */ = {isa = PBXFileReference; lastKnownFileType = file.xib; path = MessagesView.xib; sourceTree = "<group>"; };
		8547D71322121A9E00A87D7A /* MessagesView.swift */ = {isa = PBXFileReference; lastKnownFileType = sourcecode.swift; path = MessagesView.swift; sourceTree = "<group>"; };
		8547D715221234A300A87D7A /* PeopleRepository.swift */ = {isa = PBXFileReference; lastKnownFileType = sourcecode.swift; path = PeopleRepository.swift; sourceTree = "<group>"; };
		8547D7172213399B00A87D7A /* PinUIButton.swift */ = {isa = PBXFileReference; lastKnownFileType = sourcecode.swift; path = PinUIButton.swift; sourceTree = "<group>"; };
		8547D71A2214674100A87D7A /* WebServicesManager.swift */ = {isa = PBXFileReference; lastKnownFileType = sourcecode.swift; path = WebServicesManager.swift; sourceTree = "<group>"; };
		85C33751221B1F37002E5E7E /* WizardSteps.xib */ = {isa = PBXFileReference; fileEncoding = 4; lastKnownFileType = file.xib; path = WizardSteps.xib; sourceTree = "<group>"; };
		85C33759221B2065002E5E7E /* WizardStepViewController.swift */ = {isa = PBXFileReference; fileEncoding = 4; lastKnownFileType = sourcecode.swift; path = WizardStepViewController.swift; sourceTree = "<group>"; };
		85C3375B221B208D002E5E7E /* WizardSteps.swift */ = {isa = PBXFileReference; fileEncoding = 4; lastKnownFileType = sourcecode.swift; path = WizardSteps.swift; sourceTree = "<group>"; };
		85C3375E221B20D5002E5E7E /* CustomButton.swift */ = {isa = PBXFileReference; fileEncoding = 4; lastKnownFileType = sourcecode.swift; name = CustomButton.swift; path = IosPocs/Resources/Personalizations/CustomButton.swift; sourceTree = SOURCE_ROOT; };
		85C3375F221B20D5002E5E7E /* CustomImage.swift */ = {isa = PBXFileReference; fileEncoding = 4; lastKnownFileType = sourcecode.swift; name = CustomImage.swift; path = IosPocs/Resources/Personalizations/CustomImage.swift; sourceTree = SOURCE_ROOT; };
		85C33760221B20D5002E5E7E /* CustomView.swift */ = {isa = PBXFileReference; fileEncoding = 4; lastKnownFileType = sourcecode.swift; name = CustomView.swift; path = IosPocs/Resources/Personalizations/CustomView.swift; sourceTree = SOURCE_ROOT; };
		85C33761221B20D5002E5E7E /* CustomTextField.swift */ = {isa = PBXFileReference; fileEncoding = 4; lastKnownFileType = sourcecode.swift; name = CustomTextField.swift; path = IosPocs/Resources/Personalizations/CustomTextField.swift; sourceTree = SOURCE_ROOT; };
		8CFE730A5FC22DFA488C396C /* Pods-IosPocs.debug.xcconfig */ = {isa = PBXFileReference; includeInIndex = 1; lastKnownFileType = text.xcconfig; name = "Pods-IosPocs.debug.xcconfig"; path = "Pods/Target Support Files/Pods-IosPocs/Pods-IosPocs.debug.xcconfig"; sourceTree = "<group>"; };
		927BEF7704229305BC2519E7 /* Pods_IosPocsUITests.framework */ = {isa = PBXFileReference; explicitFileType = wrapper.framework; includeInIndex = 0; path = Pods_IosPocsUITests.framework; sourceTree = BUILT_PRODUCTS_DIR; };
		99655A08960D32BEF3865DD1 /* Pods-CajaPiuraMVPTests.release.xcconfig */ = {isa = PBXFileReference; includeInIndex = 1; lastKnownFileType = text.xcconfig; name = "Pods-CajaPiuraMVPTests.release.xcconfig"; path = "Pods/Target Support Files/Pods-CajaPiuraMVPTests/Pods-CajaPiuraMVPTests.release.xcconfig"; sourceTree = "<group>"; };
		A5572FA5221B51EE001D2704 /* DynamicKeyBoardViewController.swift */ = {isa = PBXFileReference; fileEncoding = 4; lastKnownFileType = sourcecode.swift; path = DynamicKeyBoardViewController.swift; sourceTree = "<group>"; };
		A5572FA7221B51F3001D2704 /* DynamicKeyBoardView.xib */ = {isa = PBXFileReference; fileEncoding = 4; lastKnownFileType = file.xib; path = DynamicKeyBoardView.xib; sourceTree = "<group>"; };
		A5572FAA221B5290001D2704 /* DynamicKeyboardDelegate.swift */ = {isa = PBXFileReference; lastKnownFileType = sourcecode.swift; path = DynamicKeyboardDelegate.swift; sourceTree = "<group>"; };
		A5572FAD221B52F2001D2704 /* PasswordPinUIButton.swift */ = {isa = PBXFileReference; lastKnownFileType = sourcecode.swift; path = PasswordPinUIButton.swift; sourceTree = "<group>"; };
		CC1BBF59AA0B781F83A5D030 /* Pods-IosPocsUITests.debug.xcconfig */ = {isa = PBXFileReference; includeInIndex = 1; lastKnownFileType = text.xcconfig; name = "Pods-IosPocsUITests.debug.xcconfig"; path = "Pods/Target Support Files/Pods-IosPocsUITests/Pods-IosPocsUITests.debug.xcconfig"; sourceTree = "<group>"; };
		DB230838082BB0863A9317EE /* Pods-CajaPiuraMVPUITests.debug.xcconfig */ = {isa = PBXFileReference; includeInIndex = 1; lastKnownFileType = text.xcconfig; name = "Pods-CajaPiuraMVPUITests.debug.xcconfig"; path = "Pods/Target Support Files/Pods-CajaPiuraMVPUITests/Pods-CajaPiuraMVPUITests.debug.xcconfig"; sourceTree = "<group>"; };
/* End PBXFileReference section */

/* Begin PBXFrameworksBuildPhase section */
		8528BC1C220C884C00830E7D /* Frameworks */ = {
			isa = PBXFrameworksBuildPhase;
			buildActionMask = 2147483647;
			files = (
				97E1CB9497A8CB6DF46B54CA /* Pods_IosPocs.framework in Frameworks */,
			);
			runOnlyForDeploymentPostprocessing = 0;
		};
		8528BC30220C884F00830E7D /* Frameworks */ = {
			isa = PBXFrameworksBuildPhase;
			buildActionMask = 2147483647;
			files = (
				FAFFCD071D9ECCADE264C621 /* Pods_CajaPiuraMVPTests.framework in Frameworks */,
				AAE7150D26B8D50B3434CC20 /* Pods_IosPocsTests.framework in Frameworks */,
			);
			runOnlyForDeploymentPostprocessing = 0;
		};
		8528BC3B220C884F00830E7D /* Frameworks */ = {
			isa = PBXFrameworksBuildPhase;
			buildActionMask = 2147483647;
			files = (
				6A96AA822C420B97C2C9B44A /* Pods_CajaPiuraMVPUITests.framework in Frameworks */,
				CCF0A9713A3827A8C12C439F /* Pods_IosPocsUITests.framework in Frameworks */,
			);
			runOnlyForDeploymentPostprocessing = 0;
		};
/* End PBXFrameworksBuildPhase section */

/* Begin PBXGroup section */
		8528BC16220C884C00830E7D = {
			isa = PBXGroup;
			children = (
				8528BC21220C884C00830E7D /* IosPocs */,
				8528BC36220C884F00830E7D /* IosPocsTests */,
				8528BC41220C884F00830E7D /* IosPocsUITests */,
				8528BC20220C884C00830E7D /* Products */,
				D710DA592EB090CA27A5DC47 /* Pods */,
				E9229FCE7DE863A0DF2E8274 /* Frameworks */,
			);
			sourceTree = "<group>";
		};
		8528BC20220C884C00830E7D /* Products */ = {
			isa = PBXGroup;
			children = (
				8528BC1F220C884C00830E7D /* IosPocs.app */,
				8528BC33220C884F00830E7D /* IosPocsTests.xctest */,
				8528BC3E220C884F00830E7D /* IosPocsUITests.xctest */,
			);
			name = Products;
			sourceTree = "<group>";
		};
		8528BC21220C884C00830E7D /* IosPocs */ = {
			isa = PBXGroup;
			children = (
				8547D6EB220C978E00A87D7A /* Resources */,
				8528BC50220C894200830E7D /* Network */,
				8528BC51220C894900830E7D /* Core */,
				8528BC22220C884C00830E7D /* AppDelegate.swift */,
				8528BC29220C884E00830E7D /* Assets.xcassets */,
				8528BC2B220C884E00830E7D /* LaunchScreen.storyboard */,
				8528BC2E220C884E00830E7D /* Info.plist */,
			);
			path = IosPocs;
			sourceTree = "<group>";
		};
		8528BC36220C884F00830E7D /* IosPocsTests */ = {
			isa = PBXGroup;
			children = (
				8528BC37220C884F00830E7D /* IosPocsTests.swift */,
				8528BC39220C884F00830E7D /* Info.plist */,
			);
			path = IosPocsTests;
			sourceTree = "<group>";
		};
		8528BC41220C884F00830E7D /* IosPocsUITests */ = {
			isa = PBXGroup;
			children = (
				8528BC42220C884F00830E7D /* IosPocsUITests.swift */,
				8528BC44220C884F00830E7D /* Info.plist */,
			);
			path = IosPocsUITests;
			sourceTree = "<group>";
		};
		8528BC50220C894200830E7D /* Network */ = {
			isa = PBXGroup;
			children = (
				8547D7192214670E00A87D7A /* WebServicesManager */,
				8547D6E9220C972800A87D7A /* ApiCallManager.swift */,
				8547D6F0220C9C0A00A87D7A /* PeopleService.swift */,
			);
			path = Network;
			sourceTree = "<group>";
		};
		8528BC51220C894900830E7D /* Core */ = {
			isa = PBXGroup;
			children = (
				85C33755221B1F8B002E5E7E /* WizardSteps */,
				8547D6F3220C9D8C00A87D7A /* LoadUsers */,
				8547D6F2220C9D7000A87D7A /* CustomComponents */,
			);
			path = Core;
			sourceTree = "<group>";
		};
		8528BC52220C895100830E7D /* model */ = {
			isa = PBXGroup;
			children = (
				8547D6EE220C9A9F00A87D7A /* PeopleModel.swift */,
				8547D715221234A300A87D7A /* PeopleRepository.swift */,
			);
			path = model;
			sourceTree = "<group>";
		};
		8528BC53220C897100830E7D /* controller */ = {
			isa = PBXGroup;
			children = (
				8547D705220CCBA300A87D7A /* CustomKeyBoardView.swift */,
				85C3375B221B208D002E5E7E /* WizardSteps.swift */,
				8528BC24220C884C00830E7D /* ViewController.swift */,
				8547D70F220E221900A87D7A /* CustomTextFieldView.swift */,
				8547D71322121A9E00A87D7A /* MessagesView.swift */,
				8547D7172213399B00A87D7A /* PinUIButton.swift */,
			);
			path = controller;
			sourceTree = "<group>";
		};
		8528BC54220C897B00830E7D /* presenter */ = {
			isa = PBXGroup;
			children = (
				8547D709220CE88C00A87D7A /* CustomKeyBoardPresenter.swift */,
			);
			path = presenter;
			sourceTree = "<group>";
		};
		8528BC55220C898400830E7D /* view */ = {
			isa = PBXGroup;
			children = (
				85C33751221B1F37002E5E7E /* WizardSteps.xib */,
				8528BC26220C884C00830E7D /* Main.storyboard */,
				8547D703220CCB7B00A87D7A /* CustomKeyBoardView.xib */,
				8547D70D220E1AD300A87D7A /* CustomTextFieldView.xib */,
				8547D71122120F6000A87D7A /* MessagesView.xib */,
			);
			path = view;
			sourceTree = "<group>";
		};
		8547D6EB220C978E00A87D7A /* Resources */ = {
			isa = PBXGroup;
			children = (
				85C3375D221B20BE002E5E7E /* Personalizations */,
				8547D6EC220C979F00A87D7A /* Constants.swift */,
			);
			path = Resources;
			sourceTree = "<group>";
		};
		8547D6F2220C9D7000A87D7A /* CustomComponents */ = {
			isa = PBXGroup;
			children = (
				A5572FA2221B512A001D2704 /* dynamickeyboard */,
				8528BC55220C898400830E7D /* view */,
				8528BC54220C897B00830E7D /* presenter */,
				8528BC53220C897100830E7D /* controller */,
			);
			path = CustomComponents;
			sourceTree = "<group>";
		};
		8547D6F3220C9D8C00A87D7A /* LoadUsers */ = {
			isa = PBXGroup;
			children = (
				8528BC52220C895100830E7D /* model */,
				8547D6F6220C9DE300A87D7A /* presenter */,
				8547D6F5220C9DDB00A87D7A /* controller */,
				8547D6F4220C9DD000A87D7A /* view */,
			);
			path = LoadUsers;
			sourceTree = "<group>";
		};
		8547D6F4220C9DD000A87D7A /* view */ = {
			isa = PBXGroup;
			children = (
				8547D6F9220C9E5400A87D7A /* Users.storyboard */,
			);
			path = view;
			sourceTree = "<group>";
		};
		8547D6F5220C9DDB00A87D7A /* controller */ = {
			isa = PBXGroup;
			children = (
				8547D6FB220C9EF100A87D7A /* PeopleViewController.swift */,
			);
			path = controller;
			sourceTree = "<group>";
		};
		8547D6F6220C9DE300A87D7A /* presenter */ = {
			isa = PBXGroup;
			children = (
				8547D6FD220C9FA200A87D7A /* PeoplePresenter.swift */,
			);
			path = presenter;
			sourceTree = "<group>";
		};
		8547D7192214670E00A87D7A /* WebServicesManager */ = {
			isa = PBXGroup;
			children = (
				8547D71A2214674100A87D7A /* WebServicesManager.swift */,
			);
			path = WebServicesManager;
			sourceTree = "<group>";
		};
		85C33755221B1F8B002E5E7E /* WizardSteps */ = {
			isa = PBXGroup;
			children = (
				85C33756221B1F99002E5E7E /* Controller */,
			);
			name = WizardSteps;
			path = "New Group";
			sourceTree = "<group>";
		};
		85C33756221B1F99002E5E7E /* Controller */ = {
			isa = PBXGroup;
			children = (
				85C33759221B2065002E5E7E /* WizardStepViewController.swift */,
			);
			path = Controller;
			sourceTree = "<group>";
		};
		85C3375D221B20BE002E5E7E /* Personalizations */ = {
			isa = PBXGroup;
			children = (
				85C3375E221B20D5002E5E7E /* CustomButton.swift */,
				85C3375F221B20D5002E5E7E /* CustomImage.swift */,
				85C33761221B20D5002E5E7E /* CustomTextField.swift */,
				85C33760221B20D5002E5E7E /* CustomView.swift */,
			);
			name = Personalizations;
			path = "New Group";
			sourceTree = "<group>";
		};
		A5572FA2221B512A001D2704 /* dynamickeyboard */ = {
			isa = PBXGroup;
			children = (
				A5572FAC221B52C1001D2704 /* customUi */,
				A5572FA9221B5278001D2704 /* protocol */,
				A5572FA4221B5149001D2704 /* viewcontroller */,
				A5572FA3221B513D001D2704 /* view */,
			);
			path = dynamickeyboard;
			sourceTree = "<group>";
		};
		A5572FA3221B513D001D2704 /* view */ = {
			isa = PBXGroup;
			children = (
				A5572FA7221B51F3001D2704 /* DynamicKeyBoardView.xib */,
			);
			path = view;
			sourceTree = "<group>";
		};
		A5572FA4221B5149001D2704 /* viewcontroller */ = {
			isa = PBXGroup;
			children = (
				A5572FA5221B51EE001D2704 /* DynamicKeyBoardViewController.swift */,
			);
			path = viewcontroller;
			sourceTree = "<group>";
		};
		A5572FA9221B5278001D2704 /* protocol */ = {
			isa = PBXGroup;
			children = (
				A5572FAA221B5290001D2704 /* DynamicKeyboardDelegate.swift */,
			);
			path = protocol;
			sourceTree = "<group>";
		};
		A5572FAC221B52C1001D2704 /* customUi */ = {
			isa = PBXGroup;
			children = (
				A5572FAD221B52F2001D2704 /* PasswordPinUIButton.swift */,
			);
			path = customUi;
			sourceTree = "<group>";
		};
		D710DA592EB090CA27A5DC47 /* Pods */ = {
			isa = PBXGroup;
			children = (
				7F21555F7488E1D8ADBB1349 /* Pods-CajaPiuraMVP.debug.xcconfig */,
				203289E50F327078C2A1A13E /* Pods-CajaPiuraMVP.release.xcconfig */,
				132E67133519079606D55C0B /* Pods-CajaPiuraMVPTests.debug.xcconfig */,
				99655A08960D32BEF3865DD1 /* Pods-CajaPiuraMVPTests.release.xcconfig */,
				DB230838082BB0863A9317EE /* Pods-CajaPiuraMVPUITests.debug.xcconfig */,
				27963BDC486CED2F67C61339 /* Pods-CajaPiuraMVPUITests.release.xcconfig */,
				8CFE730A5FC22DFA488C396C /* Pods-IosPocs.debug.xcconfig */,
				249428E5658255F1C1B86EEF /* Pods-IosPocs.release.xcconfig */,
				1566E753D6E0F84F08F06C05 /* Pods-IosPocsTests.debug.xcconfig */,
				23C77E3FB03A44F500E73743 /* Pods-IosPocsTests.release.xcconfig */,
				CC1BBF59AA0B781F83A5D030 /* Pods-IosPocsUITests.debug.xcconfig */,
				71B8638C3E57BB1F0A0E862E /* Pods-IosPocsUITests.release.xcconfig */,
			);
			name = Pods;
			sourceTree = "<group>";
		};
		E9229FCE7DE863A0DF2E8274 /* Frameworks */ = {
			isa = PBXGroup;
			children = (
				6A822E1D69B4D5373AAF0473 /* Pods_CajaPiuraMVP.framework */,
				08848B2E49742BB3BAB0B05B /* Pods_CajaPiuraMVPTests.framework */,
				2B469D99A4B835A316E6DC7A /* Pods_CajaPiuraMVPUITests.framework */,
				7E73BCEBC31D7C6D11DDF1F2 /* Pods_IosPocs.framework */,
				6582D243302DCC276641628F /* Pods_IosPocsTests.framework */,
				927BEF7704229305BC2519E7 /* Pods_IosPocsUITests.framework */,
			);
			name = Frameworks;
			sourceTree = "<group>";
		};
/* End PBXGroup section */

/* Begin PBXNativeTarget section */
		8528BC1E220C884C00830E7D /* IosPocs */ = {
			isa = PBXNativeTarget;
			buildConfigurationList = 8528BC47220C884F00830E7D /* Build configuration list for PBXNativeTarget "IosPocs" */;
			buildPhases = (
				1E95A51A21BB1A7D3988BED1 /* [CP] Check Pods Manifest.lock */,
				8528BC1B220C884C00830E7D /* Sources */,
				8528BC1C220C884C00830E7D /* Frameworks */,
				8528BC1D220C884C00830E7D /* Resources */,
				D8980D5DE0DDF41F135E8351 /* [CP] Embed Pods Frameworks */,
			);
			buildRules = (
			);
			dependencies = (
			);
			name = IosPocs;
			productName = CajaPiuraMVP;
			productReference = 8528BC1F220C884C00830E7D /* IosPocs.app */;
			productType = "com.apple.product-type.application";
		};
		8528BC32220C884F00830E7D /* IosPocsTests */ = {
			isa = PBXNativeTarget;
			buildConfigurationList = 8528BC4A220C884F00830E7D /* Build configuration list for PBXNativeTarget "IosPocsTests" */;
			buildPhases = (
				A55D1FA5EB67B9AA1AC8A452 /* [CP] Check Pods Manifest.lock */,
				8528BC2F220C884F00830E7D /* Sources */,
				8528BC30220C884F00830E7D /* Frameworks */,
				8528BC31220C884F00830E7D /* Resources */,
			);
			buildRules = (
			);
			dependencies = (
				8528BC35220C884F00830E7D /* PBXTargetDependency */,
			);
			name = IosPocsTests;
			productName = CajaPiuraMVPTests;
			productReference = 8528BC33220C884F00830E7D /* IosPocsTests.xctest */;
			productType = "com.apple.product-type.bundle.unit-test";
		};
		8528BC3D220C884F00830E7D /* IosPocsUITests */ = {
			isa = PBXNativeTarget;
			buildConfigurationList = 8528BC4D220C884F00830E7D /* Build configuration list for PBXNativeTarget "IosPocsUITests" */;
			buildPhases = (
				C4B3DDEFEC7920A7002D6D65 /* [CP] Check Pods Manifest.lock */,
				8528BC3A220C884F00830E7D /* Sources */,
				8528BC3B220C884F00830E7D /* Frameworks */,
				8528BC3C220C884F00830E7D /* Resources */,
			);
			buildRules = (
			);
			dependencies = (
				8528BC40220C884F00830E7D /* PBXTargetDependency */,
			);
			name = IosPocsUITests;
			productName = CajaPiuraMVPUITests;
			productReference = 8528BC3E220C884F00830E7D /* IosPocsUITests.xctest */;
			productType = "com.apple.product-type.bundle.ui-testing";
		};
/* End PBXNativeTarget section */

/* Begin PBXProject section */
		8528BC17220C884C00830E7D /* Project object */ = {
			isa = PBXProject;
			attributes = {
				LastSwiftUpdateCheck = 1010;
				LastUpgradeCheck = 1010;
				ORGANIZATIONNAME = AlexKage;
				TargetAttributes = {
					8528BC1E220C884C00830E7D = {
						CreatedOnToolsVersion = 10.1;
					};
					8528BC32220C884F00830E7D = {
						CreatedOnToolsVersion = 10.1;
						TestTargetID = 8528BC1E220C884C00830E7D;
					};
					8528BC3D220C884F00830E7D = {
						CreatedOnToolsVersion = 10.1;
						TestTargetID = 8528BC1E220C884C00830E7D;
					};
				};
			};
			buildConfigurationList = 8528BC1A220C884C00830E7D /* Build configuration list for PBXProject "IosPocs" */;
			compatibilityVersion = "Xcode 9.3";
			developmentRegion = en;
			hasScannedForEncodings = 0;
			knownRegions = (
				en,
				Base,
			);
			mainGroup = 8528BC16220C884C00830E7D;
			productRefGroup = 8528BC20220C884C00830E7D /* Products */;
			projectDirPath = "";
			projectRoot = "";
			targets = (
				8528BC1E220C884C00830E7D /* IosPocs */,
				8528BC32220C884F00830E7D /* IosPocsTests */,
				8528BC3D220C884F00830E7D /* IosPocsUITests */,
			);
		};
/* End PBXProject section */

/* Begin PBXResourcesBuildPhase section */
		8528BC1D220C884C00830E7D /* Resources */ = {
			isa = PBXResourcesBuildPhase;
			buildActionMask = 2147483647;
			files = (
				85C33752221B1F37002E5E7E /* WizardSteps.xib in Resources */,
				8528BC2D220C884E00830E7D /* LaunchScreen.storyboard in Resources */,
				8547D704220CCB7B00A87D7A /* CustomKeyBoardView.xib in Resources */,
				8547D6FA220C9E5400A87D7A /* Users.storyboard in Resources */,
				8528BC2A220C884E00830E7D /* Assets.xcassets in Resources */,
				A5572FA8221B51F3001D2704 /* DynamicKeyBoardView.xib in Resources */,
				8528BC28220C884C00830E7D /* Main.storyboard in Resources */,
				8547D70E220E1AD300A87D7A /* CustomTextFieldView.xib in Resources */,
				8547D71222120F6000A87D7A /* MessagesView.xib in Resources */,
			);
			runOnlyForDeploymentPostprocessing = 0;
		};
		8528BC31220C884F00830E7D /* Resources */ = {
			isa = PBXResourcesBuildPhase;
			buildActionMask = 2147483647;
			files = (
			);
			runOnlyForDeploymentPostprocessing = 0;
		};
		8528BC3C220C884F00830E7D /* Resources */ = {
			isa = PBXResourcesBuildPhase;
			buildActionMask = 2147483647;
			files = (
			);
			runOnlyForDeploymentPostprocessing = 0;
		};
/* End PBXResourcesBuildPhase section */

/* Begin PBXShellScriptBuildPhase section */
		1E95A51A21BB1A7D3988BED1 /* [CP] Check Pods Manifest.lock */ = {
			isa = PBXShellScriptBuildPhase;
			buildActionMask = 2147483647;
			files = (
			);
			inputFileListPaths = (
			);
			inputPaths = (
				"${PODS_PODFILE_DIR_PATH}/Podfile.lock",
				"${PODS_ROOT}/Manifest.lock",
			);
			name = "[CP] Check Pods Manifest.lock";
			outputFileListPaths = (
			);
			outputPaths = (
				"$(DERIVED_FILE_DIR)/Pods-IosPocs-checkManifestLockResult.txt",
			);
			runOnlyForDeploymentPostprocessing = 0;
			shellPath = /bin/sh;
			shellScript = "diff \"${PODS_PODFILE_DIR_PATH}/Podfile.lock\" \"${PODS_ROOT}/Manifest.lock\" > /dev/null\nif [ $? != 0 ] ; then\n    # print error to STDERR\n    echo \"error: The sandbox is not in sync with the Podfile.lock. Run 'pod install' or update your CocoaPods installation.\" >&2\n    exit 1\nfi\n# This output is used by Xcode 'outputs' to avoid re-running this script phase.\necho \"SUCCESS\" > \"${SCRIPT_OUTPUT_FILE_0}\"\n";
			showEnvVarsInLog = 0;
		};
		A55D1FA5EB67B9AA1AC8A452 /* [CP] Check Pods Manifest.lock */ = {
			isa = PBXShellScriptBuildPhase;
			buildActionMask = 2147483647;
			files = (
			);
			inputFileListPaths = (
			);
			inputPaths = (
				"${PODS_PODFILE_DIR_PATH}/Podfile.lock",
				"${PODS_ROOT}/Manifest.lock",
			);
			name = "[CP] Check Pods Manifest.lock";
			outputFileListPaths = (
			);
			outputPaths = (
				"$(DERIVED_FILE_DIR)/Pods-IosPocsTests-checkManifestLockResult.txt",
			);
			runOnlyForDeploymentPostprocessing = 0;
			shellPath = /bin/sh;
			shellScript = "diff \"${PODS_PODFILE_DIR_PATH}/Podfile.lock\" \"${PODS_ROOT}/Manifest.lock\" > /dev/null\nif [ $? != 0 ] ; then\n    # print error to STDERR\n    echo \"error: The sandbox is not in sync with the Podfile.lock. Run 'pod install' or update your CocoaPods installation.\" >&2\n    exit 1\nfi\n# This output is used by Xcode 'outputs' to avoid re-running this script phase.\necho \"SUCCESS\" > \"${SCRIPT_OUTPUT_FILE_0}\"\n";
			showEnvVarsInLog = 0;
		};
		C4B3DDEFEC7920A7002D6D65 /* [CP] Check Pods Manifest.lock */ = {
			isa = PBXShellScriptBuildPhase;
			buildActionMask = 2147483647;
			files = (
			);
			inputFileListPaths = (
			);
			inputPaths = (
				"${PODS_PODFILE_DIR_PATH}/Podfile.lock",
				"${PODS_ROOT}/Manifest.lock",
			);
			name = "[CP] Check Pods Manifest.lock";
			outputFileListPaths = (
			);
			outputPaths = (
				"$(DERIVED_FILE_DIR)/Pods-IosPocsUITests-checkManifestLockResult.txt",
			);
			runOnlyForDeploymentPostprocessing = 0;
			shellPath = /bin/sh;
			shellScript = "diff \"${PODS_PODFILE_DIR_PATH}/Podfile.lock\" \"${PODS_ROOT}/Manifest.lock\" > /dev/null\nif [ $? != 0 ] ; then\n    # print error to STDERR\n    echo \"error: The sandbox is not in sync with the Podfile.lock. Run 'pod install' or update your CocoaPods installation.\" >&2\n    exit 1\nfi\n# This output is used by Xcode 'outputs' to avoid re-running this script phase.\necho \"SUCCESS\" > \"${SCRIPT_OUTPUT_FILE_0}\"\n";
			showEnvVarsInLog = 0;
		};
		D8980D5DE0DDF41F135E8351 /* [CP] Embed Pods Frameworks */ = {
			isa = PBXShellScriptBuildPhase;
			buildActionMask = 2147483647;
			files = (
			);
			inputFileListPaths = (
			);
			inputPaths = (
				"${PODS_ROOT}/Target Support Files/Pods-IosPocs/Pods-IosPocs-frameworks.sh",
				"${BUILT_PRODUCTS_DIR}/Alamofire/Alamofire.framework",
				"${BUILT_PRODUCTS_DIR}/SwiftyJSON/SwiftyJSON.framework",
			);
			name = "[CP] Embed Pods Frameworks";
			outputFileListPaths = (
			);
			outputPaths = (
				"${TARGET_BUILD_DIR}/${FRAMEWORKS_FOLDER_PATH}/Alamofire.framework",
				"${TARGET_BUILD_DIR}/${FRAMEWORKS_FOLDER_PATH}/SwiftyJSON.framework",
			);
			runOnlyForDeploymentPostprocessing = 0;
			shellPath = /bin/sh;
			shellScript = "\"${PODS_ROOT}/Target Support Files/Pods-IosPocs/Pods-IosPocs-frameworks.sh\"\n";
			showEnvVarsInLog = 0;
		};
/* End PBXShellScriptBuildPhase section */

/* Begin PBXSourcesBuildPhase section */
		8528BC1B220C884C00830E7D /* Sources */ = {
			isa = PBXSourcesBuildPhase;
			buildActionMask = 2147483647;
			files = (
				8547D710220E221900A87D7A /* CustomTextFieldView.swift in Sources */,
				8547D6EF220C9A9F00A87D7A /* PeopleModel.swift in Sources */,
				85C33762221B20D5002E5E7E /* CustomButton.swift in Sources */,
				8547D6FC220C9EF100A87D7A /* PeopleViewController.swift in Sources */,
				8528BC25220C884C00830E7D /* ViewController.swift in Sources */,
				85C33764221B20D5002E5E7E /* CustomView.swift in Sources */,
				8547D71422121A9E00A87D7A /* MessagesView.swift in Sources */,
				85C3375A221B2065002E5E7E /* WizardStepViewController.swift in Sources */,
				A5572FAE221B52F2001D2704 /* PasswordPinUIButton.swift in Sources */,
				8547D706220CCBA300A87D7A /* CustomKeyBoardView.swift in Sources */,
				8547D716221234A300A87D7A /* PeopleRepository.swift in Sources */,
				8547D6F1220C9C0A00A87D7A /* PeopleService.swift in Sources */,
				8528BC23220C884C00830E7D /* AppDelegate.swift in Sources */,
				85C33763221B20D5002E5E7E /* CustomImage.swift in Sources */,
				8547D6FE220C9FA200A87D7A /* PeoplePresenter.swift in Sources */,
				A5572FAB221B5290001D2704 /* DynamicKeyboardDelegate.swift in Sources */,
				85C33765221B20D5002E5E7E /* CustomTextField.swift in Sources */,
				8547D6EA220C972800A87D7A /* ApiCallManager.swift in Sources */,
				8547D7182213399B00A87D7A /* PinUIButton.swift in Sources */,
				A5572FA6221B51EE001D2704 /* DynamicKeyBoardViewController.swift in Sources */,
				8547D71B2214674100A87D7A /* WebServicesManager.swift in Sources */,
				8547D6ED220C979F00A87D7A /* Constants.swift in Sources */,
				8547D70A220CE88C00A87D7A /* CustomKeyBoardPresenter.swift in Sources */,
				85C3375C221B208D002E5E7E /* WizardSteps.swift in Sources */,
			);
			runOnlyForDeploymentPostprocessing = 0;
		};
		8528BC2F220C884F00830E7D /* Sources */ = {
			isa = PBXSourcesBuildPhase;
			buildActionMask = 2147483647;
			files = (
				8528BC38220C884F00830E7D /* IosPocsTests.swift in Sources */,
			);
			runOnlyForDeploymentPostprocessing = 0;
		};
		8528BC3A220C884F00830E7D /* Sources */ = {
			isa = PBXSourcesBuildPhase;
			buildActionMask = 2147483647;
			files = (
				8528BC43220C884F00830E7D /* IosPocsUITests.swift in Sources */,
			);
			runOnlyForDeploymentPostprocessing = 0;
		};
/* End PBXSourcesBuildPhase section */

/* Begin PBXTargetDependency section */
		8528BC35220C884F00830E7D /* PBXTargetDependency */ = {
			isa = PBXTargetDependency;
			target = 8528BC1E220C884C00830E7D /* IosPocs */;
			targetProxy = 8528BC34220C884F00830E7D /* PBXContainerItemProxy */;
		};
		8528BC40220C884F00830E7D /* PBXTargetDependency */ = {
			isa = PBXTargetDependency;
			target = 8528BC1E220C884C00830E7D /* IosPocs */;
			targetProxy = 8528BC3F220C884F00830E7D /* PBXContainerItemProxy */;
		};
/* End PBXTargetDependency section */

/* Begin PBXVariantGroup section */
		8528BC26220C884C00830E7D /* Main.storyboard */ = {
			isa = PBXVariantGroup;
			children = (
				8528BC27220C884C00830E7D /* Base */,
			);
			name = Main.storyboard;
			sourceTree = "<group>";
		};
		8528BC2B220C884E00830E7D /* LaunchScreen.storyboard */ = {
			isa = PBXVariantGroup;
			children = (
				8528BC2C220C884E00830E7D /* Base */,
			);
			name = LaunchScreen.storyboard;
			sourceTree = "<group>";
		};
/* End PBXVariantGroup section */

/* Begin XCBuildConfiguration section */
		8528BC46220C884F00830E7D /* Release */ = {
			isa = XCBuildConfiguration;
			buildSettings = {
				ALWAYS_SEARCH_USER_PATHS = NO;
				CLANG_ANALYZER_NONNULL = YES;
				CLANG_ANALYZER_NUMBER_OBJECT_CONVERSION = YES_AGGRESSIVE;
				CLANG_CXX_LANGUAGE_STANDARD = "gnu++14";
				CLANG_CXX_LIBRARY = "libc++";
				CLANG_ENABLE_MODULES = YES;
				CLANG_ENABLE_OBJC_ARC = YES;
				CLANG_ENABLE_OBJC_WEAK = YES;
				CLANG_WARN_BLOCK_CAPTURE_AUTORELEASING = YES;
				CLANG_WARN_BOOL_CONVERSION = YES;
				CLANG_WARN_COMMA = YES;
				CLANG_WARN_CONSTANT_CONVERSION = YES;
				CLANG_WARN_DEPRECATED_OBJC_IMPLEMENTATIONS = YES;
				CLANG_WARN_DIRECT_OBJC_ISA_USAGE = YES_ERROR;
				CLANG_WARN_DOCUMENTATION_COMMENTS = YES;
				CLANG_WARN_EMPTY_BODY = YES;
				CLANG_WARN_ENUM_CONVERSION = YES;
				CLANG_WARN_INFINITE_RECURSION = YES;
				CLANG_WARN_INT_CONVERSION = YES;
				CLANG_WARN_NON_LITERAL_NULL_CONVERSION = YES;
				CLANG_WARN_OBJC_IMPLICIT_RETAIN_SELF = YES;
				CLANG_WARN_OBJC_LITERAL_CONVERSION = YES;
				CLANG_WARN_OBJC_ROOT_CLASS = YES_ERROR;
				CLANG_WARN_RANGE_LOOP_ANALYSIS = YES;
				CLANG_WARN_STRICT_PROTOTYPES = YES;
				CLANG_WARN_SUSPICIOUS_MOVE = YES;
				CLANG_WARN_UNGUARDED_AVAILABILITY = YES_AGGRESSIVE;
				CLANG_WARN_UNREACHABLE_CODE = YES;
				CLANG_WARN__DUPLICATE_METHOD_MATCH = YES;
				CODE_SIGN_IDENTITY = "iPhone Developer";
				COPY_PHASE_STRIP = NO;
				DEBUG_INFORMATION_FORMAT = "dwarf-with-dsym";
				ENABLE_NS_ASSERTIONS = NO;
				ENABLE_STRICT_OBJC_MSGSEND = YES;
				GCC_C_LANGUAGE_STANDARD = gnu11;
				GCC_NO_COMMON_BLOCKS = YES;
				GCC_WARN_64_TO_32_BIT_CONVERSION = YES;
				GCC_WARN_ABOUT_RETURN_TYPE = YES_ERROR;
				GCC_WARN_UNDECLARED_SELECTOR = YES;
				GCC_WARN_UNINITIALIZED_AUTOS = YES_AGGRESSIVE;
				GCC_WARN_UNUSED_FUNCTION = YES;
				GCC_WARN_UNUSED_VARIABLE = YES;
				INFOPLIST_FILE = IosPocs;
				IPHONEOS_DEPLOYMENT_TARGET = 12.1;
				MTL_ENABLE_DEBUG_INFO = NO;
				MTL_FAST_MATH = YES;
				PRODUCT_NAME = IosPocs;
				SDKROOT = iphoneos;
				SWIFT_COMPILATION_MODE = wholemodule;
				SWIFT_OPTIMIZATION_LEVEL = "-O";
				VALIDATE_PRODUCT = YES;
			};
			name = Release;
		};
		8528BC49220C884F00830E7D /* Release */ = {
			isa = XCBuildConfiguration;
			baseConfigurationReference = 249428E5658255F1C1B86EEF /* Pods-IosPocs.release.xcconfig */;
			buildSettings = {
				ASSETCATALOG_COMPILER_APPICON_NAME = AppIcon;
				CODE_SIGN_IDENTITY = "iPhone Developer";
				CODE_SIGN_STYLE = Automatic;
				DEVELOPMENT_TEAM = "";
				INFOPLIST_FILE = IosPocs/Info.plist;
				IPHONEOS_DEPLOYMENT_TARGET = 9.0;
				LD_RUNPATH_SEARCH_PATHS = (
					"$(inherited)",
					"@executable_path/Frameworks",
				);
				PRODUCT_BUNDLE_IDENTIFIER = com.alexkage.IosPocs;
				PRODUCT_NAME = "$(TARGET_NAME)";
				PROVISIONING_PROFILE_SPECIFIER = "";
				SWIFT_VERSION = 4.2;
				TARGETED_DEVICE_FAMILY = "1,2";
			};
			name = Release;
		};
		8528BC4C220C884F00830E7D /* Release */ = {
			isa = XCBuildConfiguration;
			baseConfigurationReference = 23C77E3FB03A44F500E73743 /* Pods-IosPocsTests.release.xcconfig */;
			buildSettings = {
				ALWAYS_EMBED_SWIFT_STANDARD_LIBRARIES = YES;
				BUNDLE_LOADER = "$(TEST_HOST)";
				CODE_SIGN_IDENTITY = "iPhone Developer";
				CODE_SIGN_STYLE = Automatic;
				DEVELOPMENT_TEAM = "";
				INFOPLIST_FILE = IosPocsTests/Info.plist;
				LD_RUNPATH_SEARCH_PATHS = (
					"$(inherited)",
					"@executable_path/Frameworks",
					"@loader_path/Frameworks",
				);
				PRODUCT_BUNDLE_IDENTIFIER = com.alexkage.IosPocsTests;
				PRODUCT_NAME = "$(TARGET_NAME)";
				PROVISIONING_PROFILE_SPECIFIER = "";
				SWIFT_VERSION = 4.2;
				TARGETED_DEVICE_FAMILY = "1,2";
				TEST_HOST = "$(BUILT_PRODUCTS_DIR)/IosPocs.app/IosPocs";
			};
			name = Release;
		};
		8528BC4F220C884F00830E7D /* Release */ = {
			isa = XCBuildConfiguration;
			baseConfigurationReference = 71B8638C3E57BB1F0A0E862E /* Pods-IosPocsUITests.release.xcconfig */;
			buildSettings = {
				ALWAYS_EMBED_SWIFT_STANDARD_LIBRARIES = YES;
				CODE_SIGN_IDENTITY = "iPhone Developer";
				CODE_SIGN_STYLE = Automatic;
				DEVELOPMENT_TEAM = "";
				INFOPLIST_FILE = IosPocsUITests/Info.plist;
				LD_RUNPATH_SEARCH_PATHS = (
					"$(inherited)",
					"@executable_path/Frameworks",
					"@loader_path/Frameworks",
				);
				PRODUCT_BUNDLE_IDENTIFIER = com.alexkage.IosPocsUITests;
				PRODUCT_NAME = "$(TARGET_NAME)";
				PROVISIONING_PROFILE_SPECIFIER = "";
				SWIFT_VERSION = 4.2;
				TARGETED_DEVICE_FAMILY = "1,2";
				TEST_TARGET_NAME = CajaPiuraMVP;
			};
			name = Release;
		};
		85C33749221B1B79002E5E7E /* Debug */ = {
			isa = XCBuildConfiguration;
			buildSettings = {
				ALWAYS_SEARCH_USER_PATHS = NO;
				CLANG_ANALYZER_NONNULL = YES;
				CLANG_ANALYZER_NUMBER_OBJECT_CONVERSION = YES_AGGRESSIVE;
				CLANG_CXX_LANGUAGE_STANDARD = "gnu++14";
				CLANG_CXX_LIBRARY = "libc++";
				CLANG_ENABLE_MODULES = YES;
				CLANG_ENABLE_OBJC_ARC = YES;
				CLANG_ENABLE_OBJC_WEAK = YES;
				CLANG_WARN_BLOCK_CAPTURE_AUTORELEASING = YES;
				CLANG_WARN_BOOL_CONVERSION = YES;
				CLANG_WARN_COMMA = YES;
				CLANG_WARN_CONSTANT_CONVERSION = YES;
				CLANG_WARN_DEPRECATED_OBJC_IMPLEMENTATIONS = YES;
				CLANG_WARN_DIRECT_OBJC_ISA_USAGE = YES_ERROR;
				CLANG_WARN_DOCUMENTATION_COMMENTS = YES;
				CLANG_WARN_EMPTY_BODY = YES;
				CLANG_WARN_ENUM_CONVERSION = YES;
				CLANG_WARN_INFINITE_RECURSION = YES;
				CLANG_WARN_INT_CONVERSION = YES;
				CLANG_WARN_NON_LITERAL_NULL_CONVERSION = YES;
				CLANG_WARN_OBJC_IMPLICIT_RETAIN_SELF = YES;
				CLANG_WARN_OBJC_LITERAL_CONVERSION = YES;
				CLANG_WARN_OBJC_ROOT_CLASS = YES_ERROR;
				CLANG_WARN_RANGE_LOOP_ANALYSIS = YES;
				CLANG_WARN_STRICT_PROTOTYPES = YES;
				CLANG_WARN_SUSPICIOUS_MOVE = YES;
				CLANG_WARN_UNGUARDED_AVAILABILITY = YES_AGGRESSIVE;
				CLANG_WARN_UNREACHABLE_CODE = YES;
				CLANG_WARN__DUPLICATE_METHOD_MATCH = YES;
				CODE_SIGN_IDENTITY = "iPhone Developer";
				COPY_PHASE_STRIP = NO;
				DEBUG_INFORMATION_FORMAT = dwarf;
				ENABLE_STRICT_OBJC_MSGSEND = YES;
				ENABLE_TESTABILITY = YES;
				GCC_C_LANGUAGE_STANDARD = gnu11;
				GCC_DYNAMIC_NO_PIC = NO;
				GCC_NO_COMMON_BLOCKS = YES;
				GCC_OPTIMIZATION_LEVEL = 0;
				GCC_PREPROCESSOR_DEFINITIONS = (
					"DEBUG=1",
					"$(inherited)",
				);
				GCC_WARN_64_TO_32_BIT_CONVERSION = YES;
				GCC_WARN_ABOUT_RETURN_TYPE = YES_ERROR;
				GCC_WARN_UNDECLARED_SELECTOR = YES;
				GCC_WARN_UNINITIALIZED_AUTOS = YES_AGGRESSIVE;
				GCC_WARN_UNUSED_FUNCTION = YES;
				GCC_WARN_UNUSED_VARIABLE = YES;
				INFOPLIST_FILE = IosPocs;
				IPHONEOS_DEPLOYMENT_TARGET = 12.1;
				MTL_ENABLE_DEBUG_INFO = INCLUDE_SOURCE;
				MTL_FAST_MATH = YES;
				ONLY_ACTIVE_ARCH = YES;
				PRODUCT_NAME = IosPocs;
				SDKROOT = iphoneos;
				SWIFT_ACTIVE_COMPILATION_CONDITIONS = DEBUG;
				SWIFT_OPTIMIZATION_LEVEL = "-Onone";
			};
			name = Debug;
		};
		85C3374A221B1B79002E5E7E /* Debug */ = {
			isa = XCBuildConfiguration;
			baseConfigurationReference = 8CFE730A5FC22DFA488C396C /* Pods-IosPocs.debug.xcconfig */;
			buildSettings = {
				ASSETCATALOG_COMPILER_APPICON_NAME = AppIcon;
				CODE_SIGN_IDENTITY = "iPhone Developer";
				CODE_SIGN_STYLE = Automatic;
				DEVELOPMENT_TEAM = "";
				INFOPLIST_FILE = IosPocs/Info.plist;
				IPHONEOS_DEPLOYMENT_TARGET = 9.0;
				LD_RUNPATH_SEARCH_PATHS = (
					"$(inherited)",
					"@executable_path/Frameworks",
				);
				PRODUCT_BUNDLE_IDENTIFIER = com.alexkage.IosPocs;
				PRODUCT_NAME = "$(TARGET_NAME)";
				PROVISIONING_PROFILE_SPECIFIER = "";
				SWIFT_VERSION = 4.2;
				TARGETED_DEVICE_FAMILY = "1,2";
			};
			name = Debug;
		};
		85C3374B221B1B79002E5E7E /* Debug */ = {
			isa = XCBuildConfiguration;
			baseConfigurationReference = 1566E753D6E0F84F08F06C05 /* Pods-IosPocsTests.debug.xcconfig */;
			buildSettings = {
				ALWAYS_EMBED_SWIFT_STANDARD_LIBRARIES = YES;
				BUNDLE_LOADER = "$(TEST_HOST)";
				CODE_SIGN_IDENTITY = "iPhone Developer";
				CODE_SIGN_STYLE = Automatic;
				DEVELOPMENT_TEAM = "";
				INFOPLIST_FILE = IosPocsTests/Info.plist;
				LD_RUNPATH_SEARCH_PATHS = (
					"$(inherited)",
					"@executable_path/Frameworks",
					"@loader_path/Frameworks",
				);
				PRODUCT_BUNDLE_IDENTIFIER = com.alexkage.IosPocsTests;
				PRODUCT_NAME = "$(TARGET_NAME)";
				PROVISIONING_PROFILE_SPECIFIER = "";
				SWIFT_VERSION = 4.2;
				TARGETED_DEVICE_FAMILY = "1,2";
				TEST_HOST = "$(BUILT_PRODUCTS_DIR)/IosPocs.app/IosPocs";
			};
			name = Debug;
		};
		85C3374C221B1B79002E5E7E /* Debug */ = {
			isa = XCBuildConfiguration;
			baseConfigurationReference = CC1BBF59AA0B781F83A5D030 /* Pods-IosPocsUITests.debug.xcconfig */;
			buildSettings = {
				ALWAYS_EMBED_SWIFT_STANDARD_LIBRARIES = YES;
				CODE_SIGN_IDENTITY = "iPhone Developer";
				CODE_SIGN_STYLE = Automatic;
				DEVELOPMENT_TEAM = "";
				INFOPLIST_FILE = IosPocsUITests/Info.plist;
				LD_RUNPATH_SEARCH_PATHS = (
					"$(inherited)",
					"@executable_path/Frameworks",
					"@loader_path/Frameworks",
				);
				PRODUCT_BUNDLE_IDENTIFIER = com.alexkage.IosPocsUITests;
				PRODUCT_NAME = "$(TARGET_NAME)";
				PROVISIONING_PROFILE_SPECIFIER = "";
				SWIFT_VERSION = 4.2;
				TARGETED_DEVICE_FAMILY = "1,2";
				TEST_TARGET_NAME = CajaPiuraMVP;
			};
			name = Debug;
		};
/* End XCBuildConfiguration section */

/* Begin XCConfigurationList section */
		8528BC1A220C884C00830E7D /* Build configuration list for PBXProject "IosPocs" */ = {
			isa = XCConfigurationList;
			buildConfigurations = (
				85C33749221B1B79002E5E7E /* Debug */,
				8528BC46220C884F00830E7D /* Release */,
			);
			defaultConfigurationIsVisible = 0;
			defaultConfigurationName = Release;
		};
		8528BC47220C884F00830E7D /* Build configuration list for PBXNativeTarget "IosPocs" */ = {
			isa = XCConfigurationList;
			buildConfigurations = (
				85C3374A221B1B79002E5E7E /* Debug */,
				8528BC49220C884F00830E7D /* Release */,
			);
			defaultConfigurationIsVisible = 0;
			defaultConfigurationName = Release;
		};
		8528BC4A220C884F00830E7D /* Build configuration list for PBXNativeTarget "IosPocsTests" */ = {
			isa = XCConfigurationList;
			buildConfigurations = (
				85C3374B221B1B79002E5E7E /* Debug */,
				8528BC4C220C884F00830E7D /* Release */,
			);
			defaultConfigurationIsVisible = 0;
			defaultConfigurationName = Release;
		};
		8528BC4D220C884F00830E7D /* Build configuration list for PBXNativeTarget "IosPocsUITests" */ = {
			isa = XCConfigurationList;
			buildConfigurations = (
				85C3374C221B1B79002E5E7E /* Debug */,
				8528BC4F220C884F00830E7D /* Release */,
			);
			defaultConfigurationIsVisible = 0;
			defaultConfigurationName = Release;
		};
/* End XCConfigurationList section */
	};
	rootObject = 8528BC17220C884C00830E7D /* Project object */;
}
